// !$*UTF8*$!
{
	archiveVersion = 1;
	classes = {
	};
	objectVersion = 50;
	objects = {

/* Begin PBXBuildFile section */
		D72B569D24E5ED4B00AC3213 /* AppDelegate.swift in Sources */ = {isa = PBXBuildFile; fileRef = D72B569C24E5ED4B00AC3213 /* AppDelegate.swift */; };
		D72B569F24E5ED4B00AC3213 /* SceneDelegate.swift in Sources */ = {isa = PBXBuildFile; fileRef = D72B569E24E5ED4B00AC3213 /* SceneDelegate.swift */; };
		D72B56A124E5ED4B00AC3213 /* WeatherViewController.swift in Sources */ = {isa = PBXBuildFile; fileRef = D72B56A024E5ED4B00AC3213 /* WeatherViewController.swift */; };
		D72B56A424E5ED4B00AC3213 /* Main.storyboard in Resources */ = {isa = PBXBuildFile; fileRef = D72B56A224E5ED4B00AC3213 /* Main.storyboard */; };
		D72B56A624E5ED4D00AC3213 /* Assets.xcassets in Resources */ = {isa = PBXBuildFile; fileRef = D72B56A524E5ED4D00AC3213 /* Assets.xcassets */; };
		D72B56A924E5ED4D00AC3213 /* LaunchScreen.storyboard in Resources */ = {isa = PBXBuildFile; fileRef = D72B56A724E5ED4D00AC3213 /* LaunchScreen.storyboard */; };
		D72B56B424EC43B100AC3213 /* WeatherManager.swift in Sources */ = {isa = PBXBuildFile; fileRef = D72B56B324EC43B100AC3213 /* WeatherManager.swift */; };
		D72B56B624EC43CA00AC3213 /* WeatherModel.swift in Sources */ = {isa = PBXBuildFile; fileRef = D72B56B524EC43CA00AC3213 /* WeatherModel.swift */; };
		D72B56B824EC43DB00AC3213 /* WeatherData.swift in Sources */ = {isa = PBXBuildFile; fileRef = D72B56B724EC43DB00AC3213 /* WeatherData.swift */; };
		D72FC24724F56F4100B3F19C /* WeatherCollectionViewCell.swift in Sources */ = {isa = PBXBuildFile; fileRef = D72FC24624F56F4100B3F19C /* WeatherCollectionViewCell.swift */; };
/* End PBXBuildFile section */

/* Begin PBXFileReference section */
		D72B569924E5ED4A00AC3213 /* Weather.app */ = {isa = PBXFileReference; explicitFileType = wrapper.application; includeInIndex = 0; path = Weather.app; sourceTree = BUILT_PRODUCTS_DIR; };
		D72B569C24E5ED4B00AC3213 /* AppDelegate.swift */ = {isa = PBXFileReference; lastKnownFileType = sourcecode.swift; path = AppDelegate.swift; sourceTree = "<group>"; };
		D72B569E24E5ED4B00AC3213 /* SceneDelegate.swift */ = {isa = PBXFileReference; lastKnownFileType = sourcecode.swift; path = SceneDelegate.swift; sourceTree = "<group>"; };
		D72B56A024E5ED4B00AC3213 /* WeatherViewController.swift */ = {isa = PBXFileReference; lastKnownFileType = sourcecode.swift; path = WeatherViewController.swift; sourceTree = "<group>"; };
		D72B56A324E5ED4B00AC3213 /* Base */ = {isa = PBXFileReference; lastKnownFileType = file.storyboard; name = Base; path = Base.lproj/Main.storyboard; sourceTree = "<group>"; };
		D72B56A524E5ED4D00AC3213 /* Assets.xcassets */ = {isa = PBXFileReference; lastKnownFileType = folder.assetcatalog; path = Assets.xcassets; sourceTree = "<group>"; };
		D72B56A824E5ED4D00AC3213 /* Base */ = {isa = PBXFileReference; lastKnownFileType = file.storyboard; name = Base; path = Base.lproj/LaunchScreen.storyboard; sourceTree = "<group>"; };
		D72B56AA24E5ED4D00AC3213 /* Info.plist */ = {isa = PBXFileReference; lastKnownFileType = text.plist.xml; path = Info.plist; sourceTree = "<group>"; };
		D72B56B324EC43B100AC3213 /* WeatherManager.swift */ = {isa = PBXFileReference; lastKnownFileType = sourcecode.swift; path = WeatherManager.swift; sourceTree = "<group>"; };
		D72B56B524EC43CA00AC3213 /* WeatherModel.swift */ = {isa = PBXFileReference; lastKnownFileType = sourcecode.swift; path = WeatherModel.swift; sourceTree = "<group>"; };
		D72B56B724EC43DB00AC3213 /* WeatherData.swift */ = {isa = PBXFileReference; lastKnownFileType = sourcecode.swift; path = WeatherData.swift; sourceTree = "<group>"; };
		D72FC24624F56F4100B3F19C /* WeatherCollectionViewCell.swift */ = {isa = PBXFileReference; lastKnownFileType = sourcecode.swift; path = WeatherCollectionViewCell.swift; sourceTree = "<group>"; };
/* End PBXFileReference section */

/* Begin PBXFrameworksBuildPhase section */
		D72B569624E5ED4A00AC3213 /* Frameworks */ = {
			isa = PBXFrameworksBuildPhase;
			buildActionMask = 2147483647;
			files = (
			);
			runOnlyForDeploymentPostprocessing = 0;
		};
/* End PBXFrameworksBuildPhase section */

/* Begin PBXGroup section */
		D72B569024E5ED4A00AC3213 = {
			isa = PBXGroup;
			children = (
				D72B569B24E5ED4A00AC3213 /* Weather */,
				D72B569A24E5ED4A00AC3213 /* Products */,
			);
			sourceTree = "<group>";
		};
		D72B569A24E5ED4A00AC3213 /* Products */ = {
			isa = PBXGroup;
			children = (
				D72B569924E5ED4A00AC3213 /* Weather.app */,
			);
			name = Products;
			sourceTree = "<group>";
		};
		D72B569B24E5ED4A00AC3213 /* Weather */ = {
			isa = PBXGroup;
			children = (
				D72B56B224EB107F00AC3213 /* Controller */,
				D72B56B124EB107700AC3213 /* View */,
				D72B56B024EB106F00AC3213 /* Model */,
				D72B569C24E5ED4B00AC3213 /* AppDelegate.swift */,
				D72B569E24E5ED4B00AC3213 /* SceneDelegate.swift */,
				D72B56A524E5ED4D00AC3213 /* Assets.xcassets */,
				D72B56A724E5ED4D00AC3213 /* LaunchScreen.storyboard */,
				D72B56AA24E5ED4D00AC3213 /* Info.plist */,
			);
			path = Weather;
			sourceTree = "<group>";
		};
		D72B56B024EB106F00AC3213 /* Model */ = {
			isa = PBXGroup;
			children = (
				D72B56B324EC43B100AC3213 /* WeatherManager.swift */,
				D72B56B524EC43CA00AC3213 /* WeatherModel.swift */,
				D72B56B724EC43DB00AC3213 /* WeatherData.swift */,
			);
			path = Model;
			sourceTree = "<group>";
		};
		D72B56B124EB107700AC3213 /* View */ = {
			isa = PBXGroup;
			children = (
				D72B56A224E5ED4B00AC3213 /* Main.storyboard */,
				D72FC24624F56F4100B3F19C /* WeatherCollectionViewCell.swift */,
			);
			path = View;
			sourceTree = "<group>";
		};
		D72B56B224EB107F00AC3213 /* Controller */ = {
			isa = PBXGroup;
			children = (
				D72B56A024E5ED4B00AC3213 /* WeatherViewController.swift */,
			);
			path = Controller;
			sourceTree = "<group>";
		};
/* End PBXGroup section */

/* Begin PBXNativeTarget section */
		D72B569824E5ED4A00AC3213 /* Weather */ = {
			isa = PBXNativeTarget;
			buildConfigurationList = D72B56AD24E5ED4D00AC3213 /* Build configuration list for PBXNativeTarget "Weather" */;
			buildPhases = (
				D72B569524E5ED4A00AC3213 /* Sources */,
				D72B569624E5ED4A00AC3213 /* Frameworks */,
				D72B569724E5ED4A00AC3213 /* Resources */,
			);
			buildRules = (
			);
			dependencies = (
			);
			name = Weather;
			productName = Weather;
			productReference = D72B569924E5ED4A00AC3213 /* Weather.app */;
			productType = "com.apple.product-type.application";
		};
/* End PBXNativeTarget section */

/* Begin PBXProject section */
		D72B569124E5ED4A00AC3213 /* Project object */ = {
			isa = PBXProject;
			attributes = {
				LastSwiftUpdateCheck = 1160;
				LastUpgradeCheck = 1160;
				ORGANIZATIONNAME = Desiree;
				TargetAttributes = {
					D72B569824E5ED4A00AC3213 = {
						CreatedOnToolsVersion = 11.6;
					};
				};
			};
			buildConfigurationList = D72B569424E5ED4A00AC3213 /* Build configuration list for PBXProject "Weather" */;
			compatibilityVersion = "Xcode 9.3";
			developmentRegion = en;
			hasScannedForEncodings = 0;
			knownRegions = (
				en,
				Base,
			);
			mainGroup = D72B569024E5ED4A00AC3213;
			productRefGroup = D72B569A24E5ED4A00AC3213 /* Products */;
			projectDirPath = "";
			projectRoot = "";
			targets = (
				D72B569824E5ED4A00AC3213 /* Weather */,
			);
		};
/* End PBXProject section */

/* Begin PBXResourcesBuildPhase section */
		D72B569724E5ED4A00AC3213 /* Resources */ = {
			isa = PBXResourcesBuildPhase;
			buildActionMask = 2147483647;
			files = (
				D72B56A924E5ED4D00AC3213 /* LaunchScreen.storyboard in Resources */,
				D72B56A624E5ED4D00AC3213 /* Assets.xcassets in Resources */,
				D72B56A424E5ED4B00AC3213 /* Main.storyboard in Resources */,
			);
			runOnlyForDeploymentPostprocessing = 0;
		};
/* End PBXResourcesBuildPhase section */

/* Begin PBXSourcesBuildPhase section */
		D72B569524E5ED4A00AC3213 /* Sources */ = {
			isa = PBXSourcesBuildPhase;
			buildActionMask = 2147483647;
			files = (
				D72B56A124E5ED4B00AC3213 /* WeatherViewController.swift in Sources */,
				D72B569D24E5ED4B00AC3213 /* AppDelegate.swift in Sources */,
				D72B56B424EC43B100AC3213 /* WeatherManager.swift in Sources */,
				D72B569F24E5ED4B00AC3213 /* SceneDelegate.swift in Sources */,
				D72B56B824EC43DB00AC3213 /* WeatherData.swift in Sources */,
				D72B56B624EC43CA00AC3213 /* WeatherModel.swift in Sources */,
				D72FC24724F56F4100B3F19C /* WeatherCollectionViewCell.swift in Sources */,
			);
			runOnlyForDeploymentPostprocessing = 0;
		};
/* End PBXSourcesBuildPhase section */

/* Begin PBXVariantGroup section */
		D72B56A224E5ED4B00AC3213 /* Main.storyboard */ = {
			isa = PBXVariantGroup;
			children = (
				D72B56A324E5ED4B00AC3213 /* Base */,
			);
			name = Main.storyboard;
			sourceTree = "<group>";
		};
		D72B56A724E5ED4D00AC3213 /* LaunchScreen.storyboard */ = {
			isa = PBXVariantGroup;
			children = (
				D72B56A824E5ED4D00AC3213 /* Base */,
			);
			name = LaunchScreen.storyboard;
			sourceTree = "<group>";
		};
/* End PBXVariantGroup section */

/* Begin XCBuildConfiguration section */
		D72B56AB24E5ED4D00AC3213 /* Debug */ = {
			isa = XCBuildConfiguration;
			buildSettings = {
				ALWAYS_SEARCH_USER_PATHS = NO;
				CLANG_ANALYZER_NONNULL = YES;
				CLANG_ANALYZER_NUMBER_OBJECT_CONVERSION = YES_AGGRESSIVE;
				CLANG_CXX_LANGUAGE_STANDARD = "gnu++14";
				CLANG_CXX_LIBRARY = "libc++";
				CLANG_ENABLE_MODULES = YES;
				CLANG_ENABLE_OBJC_ARC = YES;
				CLANG_ENABLE_OBJC_WEAK = YES;
				CLANG_WARN_BLOCK_CAPTURE_AUTORELEASING = YES;
				CLANG_WARN_BOOL_CONVERSION = YES;
				CLANG_WARN_COMMA = YES;
				CLANG_WARN_CONSTANT_CONVERSION = YES;
				CLANG_WARN_DEPRECATED_OBJC_IMPLEMENTATIONS = YES;
				CLANG_WARN_DIRECT_OBJC_ISA_USAGE = YES_ERROR;
				CLANG_WARN_DOCUMENTATION_COMMENTS = YES;
				CLANG_WARN_EMPTY_BODY = YES;
				CLANG_WARN_ENUM_CONVERSION = YES;
				CLANG_WARN_INFINITE_RECURSION = YES;
				CLANG_WARN_INT_CONVERSION = YES;
				CLANG_WARN_NON_LITERAL_NULL_CONVERSION = YES;
				CLANG_WARN_OBJC_IMPLICIT_RETAIN_SELF = YES;
				CLANG_WARN_OBJC_LITERAL_CONVERSION = YES;
				CLANG_WARN_OBJC_ROOT_CLASS = YES_ERROR;
				CLANG_WARN_RANGE_LOOP_ANALYSIS = YES;
				CLANG_WARN_STRICT_PROTOTYPES = YES;
				CLANG_WARN_SUSPICIOUS_MOVE = YES;
				CLANG_WARN_UNGUARDED_AVAILABILITY = YES_AGGRESSIVE;
				CLANG_WARN_UNREACHABLE_CODE = YES;
				CLANG_WARN__DUPLICATE_METHOD_MATCH = YES;
				COPY_PHASE_STRIP = NO;
				DEBUG_INFORMATION_FORMAT = dwarf;
				ENABLE_STRICT_OBJC_MSGSEND = YES;
				ENABLE_TESTABILITY = YES;
				GCC_C_LANGUAGE_STANDARD = gnu11;
				GCC_DYNAMIC_NO_PIC = NO;
				GCC_NO_COMMON_BLOCKS = YES;
				GCC_OPTIMIZATION_LEVEL = 0;
				GCC_PREPROCESSOR_DEFINITIONS = (
					"DEBUG=1",
					"$(inherited)",
				);
				GCC_WARN_64_TO_32_BIT_CONVERSION = YES;
				GCC_WARN_ABOUT_RETURN_TYPE = YES_ERROR;
				GCC_WARN_UNDECLARED_SELECTOR = YES;
				GCC_WARN_UNINITIALIZED_AUTOS = YES_AGGRESSIVE;
				GCC_WARN_UNUSED_FUNCTION = YES;
				GCC_WARN_UNUSED_VARIABLE = YES;
				IPHONEOS_DEPLOYMENT_TARGET = 13.6;
				MTL_ENABLE_DEBUG_INFO = INCLUDE_SOURCE;
				MTL_FAST_MATH = YES;
				ONLY_ACTIVE_ARCH = YES;
				SDKROOT = iphoneos;
				SWIFT_ACTIVE_COMPILATION_CONDITIONS = DEBUG;
				SWIFT_OPTIMIZATION_LEVEL = "-Onone";
			};
			name = Debug;
		};
		D72B56AC24E5ED4D00AC3213 /* Release */ = {
			isa = XCBuildConfiguration;
			buildSettings = {
				ALWAYS_SEARCH_USER_PATHS = NO;
				CLANG_ANALYZER_NONNULL = YES;
				CLANG_ANALYZER_NUMBER_OBJECT_CONVERSION = YES_AGGRESSIVE;
				CLANG_CXX_LANGUAGE_STANDARD = "gnu++14";
				CLANG_CXX_LIBRARY = "libc++";
				CLANG_ENABLE_MODULES = YES;
				CLANG_ENABLE_OBJC_ARC = YES;
				CLANG_ENABLE_OBJC_WEAK = YES;
				CLANG_WARN_BLOCK_CAPTURE_AUTORELEASING = YES;
				CLANG_WARN_BOOL_CONVERSION = YES;
				CLANG_WARN_COMMA = YES;
				CLANG_WARN_CONSTANT_CONVERSION = YES;
				CLANG_WARN_DEPRECATED_OBJC_IMPLEMENTATIONS = YES;
				CLANG_WARN_DIRECT_OBJC_ISA_USAGE = YES_ERROR;
				CLANG_WARN_DOCUMENTATION_COMMENTS = YES;
				CLANG_WARN_EMPTY_BODY = YES;
				CLANG_WARN_ENUM_CONVERSION = YES;
				CLANG_WARN_INFINITE_RECURSION = YES;
				CLANG_WARN_INT_CONVERSION = YES;
				CLANG_WARN_NON_LITERAL_NULL_CONVERSION = YES;
				CLANG_WARN_OBJC_IMPLICIT_RETAIN_SELF = YES;
				CLANG_WARN_OBJC_LITERAL_CONVERSION = YES;
				CLANG_WARN_OBJC_ROOT_CLASS = YES_ERROR;
				CLANG_WARN_RANGE_LOOP_ANALYSIS = YES;
				CLANG_WARN_STRICT_PROTOTYPES = YES;
				CLANG_WARN_SUSPICIOUS_MOVE = YES;
				CLANG_WARN_UNGUARDED_AVAILABILITY = YES_AGGRESSIVE;
				CLANG_WARN_UNREACHABLE_CODE = YES;
				CLANG_WARN__DUPLICATE_METHOD_MATCH = YES;
				COPY_PHASE_STRIP = NO;
				DEBUG_INFORMATION_FORMAT = "dwarf-with-dsym";
				ENABLE_NS_ASSERTIONS = NO;
				ENABLE_STRICT_OBJC_MSGSEND = YES;
				GCC_C_LANGUAGE_STANDARD = gnu11;
				GCC_NO_COMMON_BLOCKS = YES;
				GCC_WARN_64_TO_32_BIT_CONVERSION = YES;
				GCC_WARN_ABOUT_RETURN_TYPE = YES_ERROR;
				GCC_WARN_UNDECLARED_SELECTOR = YES;
				GCC_WARN_UNINITIALIZED_AUTOS = YES_AGGRESSIVE;
				GCC_WARN_UNUSED_FUNCTION = YES;
				GCC_WARN_UNUSED_VARIABLE = YES;
				IPHONEOS_DEPLOYMENT_TARGET = 13.6;
				MTL_ENABLE_DEBUG_INFO = NO;
				MTL_FAST_MATH = YES;
				SDKROOT = iphoneos;
				SWIFT_COMPILATION_MODE = wholemodule;
				SWIFT_OPTIMIZATION_LEVEL = "-O";
				VALIDATE_PRODUCT = YES;
			};
			name = Release;
		};
		D72B56AE24E5ED4D00AC3213 /* Debug */ = {
			isa = XCBuildConfiguration;
			buildSettings = {
				ASSETCATALOG_COMPILER_APPICON_NAME = AppIcon;
				CODE_SIGN_STYLE = Automatic;
				DEVELOPMENT_TEAM = 5G8Y79X7ML;
				INFOPLIST_FILE = Weather/Info.plist;
				LD_RUNPATH_SEARCH_PATHS = (
					"$(inherited)",
					"@executable_path/Frameworks",
				);
				PRODUCT_BUNDLE_IDENTIFIER = com.desireejallow.Weather;
				PRODUCT_NAME = "$(TARGET_NAME)";
				SWIFT_VERSION = 5.0;
				TARGETED_DEVICE_FAMILY = "1,2";
			};
			name = Debug;
		};
		D72B56AF24E5ED4D00AC3213 /* Release */ = {
			isa = XCBuildConfiguration;
			buildSettings = {
				ASSETCATALOG_COMPILER_APPICON_NAME = AppIcon;
				CODE_SIGN_STYLE = Automatic;
				DEVELOPMENT_TEAM = 5G8Y79X7ML;
				INFOPLIST_FILE = Weather/Info.plist;
				LD_RUNPATH_SEARCH_PATHS = (
					"$(inherited)",
					"@executable_path/Frameworks",
				);
				PRODUCT_BUNDLE_IDENTIFIER = com.desireejallow.Weather;
				PRODUCT_NAME = "$(TARGET_NAME)";
				SWIFT_VERSION = 5.0;
				TARGETED_DEVICE_FAMILY = "1,2";
			};
			name = Release;
		};
/* End XCBuildConfiguration section */

/* Begin XCConfigurationList section */
		D72B569424E5ED4A00AC3213 /* Build configuration list for PBXProject "Weather" */ = {
			isa = XCConfigurationList;
			buildConfigurations = (
				D72B56AB24E5ED4D00AC3213 /* Debug */,
				D72B56AC24E5ED4D00AC3213 /* Release */,
			);
			defaultConfigurationIsVisible = 0;
			defaultConfigurationName = Release;
		};
		D72B56AD24E5ED4D00AC3213 /* Build configuration list for PBXNativeTarget "Weather" */ = {
			isa = XCConfigurationList;
			buildConfigurations = (
				D72B56AE24E5ED4D00AC3213 /* Debug */,
				D72B56AF24E5ED4D00AC3213 /* Release */,
			);
			defaultConfigurationIsVisible = 0;
			defaultConfigurationName = Release;
		};
/* End XCConfigurationList section */
	};
	rootObject = D72B569124E5ED4A00AC3213 /* Project object */;
}
